
Microsoft Visual Studio Solution File, Format Version 12.00
# Visual Studio 2012
Project("{FAE04EC0-301F-11D3-BF4B-00C04F79EFBC}") = "JointTrackTest", "KinectTest\JointTrackTest.csproj", "{8D275AC0-9097-42D0-962C-D10F8A6A3602}"
EndProject
Project("{FAE04EC0-301F-11D3-BF4B-00C04F79EFBC}") = "BasicRGB", "BasicRGB\BasicRGB.csproj", "{2DD896F9-E12C-43DD-B1B8-42B8CE2C3765}"
EndProject
Project("{FAE04EC0-301F-11D3-BF4B-00C04F79EFBC}") = "JointTrackAndRGBTest", "SkeletonAndRGBTest\JointTrackAndRGBTest.csproj", "{F8C45BEA-7090-446F-ACD7-EC09F496A77B}"
EndProject
Project("{FAE04EC0-301F-11D3-BF4B-00C04F79EFBC}") = "SkeletonTest", "SkeletonTest\SkeletonTest.csproj", "{6D073C08-4267-4C62-B13E-F5EBF9120467}"
EndProject
Global
	GlobalSection(SolutionConfigurationPlatforms) = preSolution
		Debug|Any CPU = Debug|Any CPU
		Release|Any CPU = Release|Any CPU
	EndGlobalSection
	GlobalSection(ProjectConfigurationPlatforms) = postSolution
		{8D275AC0-9097-42D0-962C-D10F8A6A3602}.Debug|Any CPU.ActiveCfg = Debug|Any CPU
		{8D275AC0-9097-42D0-962C-D10F8A6A3602}.Debug|Any CPU.Build.0 = Debug|Any CPU
		{8D275AC0-9097-42D0-962C-D10F8A6A3602}.Release|Any CPU.ActiveCfg = Release|Any CPU
		{8D275AC0-9097-42D0-962C-D10F8A6A3602}.Release|Any CPU.Build.0 = Release|Any CPU
		{2DD896F9-E12C-43DD-B1B8-42B8CE2C3765}.Debug|Any CPU.ActiveCfg = Debug|Any CPU
		{2DD896F9-E12C-43DD-B1B8-42B8CE2C3765}.Debug|Any CPU.Build.0 = Debug|Any CPU
		{2DD896F9-E12C-43DD-B1B8-42B8CE2C3765}.Release|Any CPU.ActiveCfg = Release|Any CPU
		{2DD896F9-E12C-43DD-B1B8-42B8CE2C3765}.Release|Any CPU.Build.0 = Release|Any CPU
		{F8C45BEA-7090-446F-ACD7-EC09F496A77B}.Debug|Any CPU.ActiveCfg = Debug|Any CPU
		{F8C45BEA-7090-446F-ACD7-EC09F496A77B}.Debug|Any CPU.Build.0 = Debug|Any CPU
		{F8C45BEA-7090-446F-ACD7-EC09F496A77B}.Release|Any CPU.ActiveCfg = Release|Any CPU
		{F8C45BEA-7090-446F-ACD7-EC09F496A77B}.Release|Any CPU.Build.0 = Release|Any CPU
		{6D073C08-4267-4C62-B13E-F5EBF9120467}.Debug|Any CPU.ActiveCfg = Debug|Any CPU
		{6D073C08-4267-4C62-B13E-F5EBF9120467}.Debug|Any CPU.Build.0 = Debug|Any CPU
		{6D073C08-4267-4C62-B13E-F5EBF9120467}.Release|Any CPU.ActiveCfg = Release|Any CPU
		{6D073C08-4267-4C62-B13E-F5EBF9120467}.Release|Any CPU.Build.0 = Release|Any CPU
	EndGlobalSection
	GlobalSection(SolutionProperties) = preSolution
		HideSolutionNode = FALSE
	EndGlobalSection
EndGlobal
